
Microsoft Visual Studio Solution File, Format Version 12.00
# Visual Studio 2012
Project("{FAE04EC0-301F-11D3-BF4B-00C04F79EFBC}") = "ws_SimpleMenu", "ws_SimpleMenu\ws_SimpleMenu.csproj", "{77AF8EE0-8B94-4073-BF24-D1351B3CC021}"
EndProject
Global
	GlobalSection(SolutionConfigurationPlatforms) = preSolution
		Debug|Any CPU = Debug|Any CPU
		Release|Any CPU = Release|Any CPU
	EndGlobalSection
	GlobalSection(ProjectConfigurationPlatforms) = postSolution
		{77AF8EE0-8B94-4073-BF24-D1351B3CC021}.Debug|Any CPU.ActiveCfg = Debug|Any CPU
		{77AF8EE0-8B94-4073-BF24-D1351B3CC021}.Debug|Any CPU.Build.0 = Debug|Any CPU
		{77AF8EE0-8B94-4073-BF24-D1351B3CC021}.Release|Any CPU.ActiveCfg = Release|Any CPU
		{77AF8EE0-8B94-4073-BF24-D1351B3CC021}.Release|Any CPU.Build.0 = Release|Any CPU
	EndGlobalSection
	GlobalSection(SolutionProperties) = preSolution
		HideSolutionNode = FALSE
	EndGlobalSection
EndGlobal
